
Microsoft Visual Studio Solution File, Format Version 12.00
# Visual Studio Version 17
VisualStudioVersion = 17.10.34928.147
MinimumVisualStudioVersion = 10.0.40219.1
Project("{FAE04EC0-301F-11D3-BF4B-00C04F79EFBC}") = "Reader_Simulation_WPF", "Reader_Simulation_WPF\Reader_Simulation_WPF.csproj", "{A8153176-2CB0-4246-A36D-9880F6D3FC49}"
EndProject
Global
	GlobalSection(SolutionConfigurationPlatforms) = preSolution
		Debug|Any CPU = Debug|Any CPU
		Release|Any CPU = Release|Any CPU
	EndGlobalSection
	GlobalSection(ProjectConfigurationPlatforms) = postSolution
		{A8153176-2CB0-4246-A36D-9880F6D3FC49}.Debug|Any CPU.ActiveCfg = Debug|Any CPU
		{A8153176-2CB0-4246-A36D-9880F6D3FC49}.Debug|Any CPU.Build.0 = Debug|Any CPU
		{A8153176-2CB0-4246-A36D-9880F6D3FC49}.Release|Any CPU.ActiveCfg = Release|Any CPU
		{A8153176-2CB0-4246-A36D-9880F6D3FC49}.Release|Any CPU.Build.0 = Release|Any CPU
	EndGlobalSection
	GlobalSection(SolutionProperties) = preSolution
		HideSolutionNode = FALSE
	EndGlobalSection
	GlobalSection(ExtensibilityGlobals) = postSolution
		SolutionGuid = {795C84E4-369D-40E6-9626-2ECAD920ECDE}
	EndGlobalSection
EndGlobal
